// !$*UTF8*$!
{
	archiveVersion = 1;
	classes = {
	};
	objectVersion = 46;
	objects = {

/* Begin PBXBuildFile section */
		5A8059A11A10755000CA17AB /* CoreLocation.framework in Frameworks */ = {isa = PBXBuildFile; fileRef = 5A8059A01A10755000CA17AB /* CoreLocation.framework */; };
		5A8059A41A10789A00CA17AB /* CLBeaconRegion+Sample.m in Sources */ = {isa = PBXBuildFile; fileRef = 5A8059A31A10789A00CA17AB /* CLBeaconRegion+Sample.m */; };
		5AB9F48A1A10498300DFD457 /* main.m in Sources */ = {isa = PBXBuildFile; fileRef = 5AB9F4891A10498300DFD457 /* main.m */; };
		5AB9F48D1A10498300DFD457 /* AppDelegate.m in Sources */ = {isa = PBXBuildFile; fileRef = 5AB9F48C1A10498300DFD457 /* AppDelegate.m */; };
		5AB9F4901A10498300DFD457 /* BeaconEmitterViewController.m in Sources */ = {isa = PBXBuildFile; fileRef = 5AB9F48F1A10498300DFD457 /* BeaconEmitterViewController.m */; };
		5AB9F4931A10498300DFD457 /* Main.storyboard in Resources */ = {isa = PBXBuildFile; fileRef = 5AB9F4911A10498300DFD457 /* Main.storyboard */; };
		5AB9F4951A10498300DFD457 /* Images.xcassets in Resources */ = {isa = PBXBuildFile; fileRef = 5AB9F4941A10498300DFD457 /* Images.xcassets */; };
		5AB9F4981A10498300DFD457 /* LaunchScreen.xib in Resources */ = {isa = PBXBuildFile; fileRef = 5AB9F4961A10498300DFD457 /* LaunchScreen.xib */; };
		5AB9F4AE1A10498E00DFD457 /* CoreBluetooth.framework in Frameworks */ = {isa = PBXBuildFile; fileRef = 5AB9F4AD1A10498E00DFD457 /* CoreBluetooth.framework */; };
		5AB9F4B11A105E5B00DFD457 /* BeaconFinderViewController.m in Sources */ = {isa = PBXBuildFile; fileRef = 5AB9F4B01A105E5B00DFD457 /* BeaconFinderViewController.m */; };
/* End PBXBuildFile section */

/* Begin PBXFileReference section */
		5A8059A01A10755000CA17AB /* CoreLocation.framework */ = {isa = PBXFileReference; lastKnownFileType = wrapper.framework; name = CoreLocation.framework; path = System/Library/Frameworks/CoreLocation.framework; sourceTree = SDKROOT; };
		5A8059A21A10789A00CA17AB /* CLBeaconRegion+Sample.h */ = {isa = PBXFileReference; fileEncoding = 4; lastKnownFileType = sourcecode.c.h; path = "CLBeaconRegion+Sample.h"; sourceTree = "<group>"; };
		5A8059A31A10789A00CA17AB /* CLBeaconRegion+Sample.m */ = {isa = PBXFileReference; fileEncoding = 4; lastKnownFileType = sourcecode.c.objc; path = "CLBeaconRegion+Sample.m"; sourceTree = "<group>"; };
		5AB9F4841A10498300DFD457 /* iBeaconDemo.app */ = {isa = PBXFileReference; explicitFileType = wrapper.application; includeInIndex = 0; path = iBeaconDemo.app; sourceTree = BUILT_PRODUCTS_DIR; };
		5AB9F4881A10498300DFD457 /* Info.plist */ = {isa = PBXFileReference; lastKnownFileType = text.plist.xml; path = Info.plist; sourceTree = "<group>"; };
		5AB9F4891A10498300DFD457 /* main.m */ = {isa = PBXFileReference; lastKnownFileType = sourcecode.c.objc; path = main.m; sourceTree = "<group>"; };
		5AB9F48B1A10498300DFD457 /* AppDelegate.h */ = {isa = PBXFileReference; lastKnownFileType = sourcecode.c.h; path = AppDelegate.h; sourceTree = "<group>"; };
		5AB9F48C1A10498300DFD457 /* AppDelegate.m */ = {isa = PBXFileReference; lastKnownFileType = sourcecode.c.objc; path = AppDelegate.m; sourceTree = "<group>"; };
		5AB9F48E1A10498300DFD457 /* BeaconEmitterViewController.h */ = {isa = PBXFileReference; lastKnownFileType = sourcecode.c.h; path = BeaconEmitterViewController.h; sourceTree = "<group>"; };
		5AB9F48F1A10498300DFD457 /* BeaconEmitterViewController.m */ = {isa = PBXFileReference; lastKnownFileType = sourcecode.c.objc; path = BeaconEmitterViewController.m; sourceTree = "<group>"; };
		5AB9F4921A10498300DFD457 /* Base */ = {isa = PBXFileReference; lastKnownFileType = file.storyboard; name = Base; path = Base.lproj/Main.storyboard; sourceTree = "<group>"; };
		5AB9F4941A10498300DFD457 /* Images.xcassets */ = {isa = PBXFileReference; lastKnownFileType = folder.assetcatalog; path = Images.xcassets; sourceTree = "<group>"; };
		5AB9F4971A10498300DFD457 /* Base */ = {isa = PBXFileReference; lastKnownFileType = file.xib; name = Base; path = Base.lproj/LaunchScreen.xib; sourceTree = "<group>"; };
		5AB9F4AD1A10498E00DFD457 /* CoreBluetooth.framework */ = {isa = PBXFileReference; lastKnownFileType = wrapper.framework; name = CoreBluetooth.framework; path = System/Library/Frameworks/CoreBluetooth.framework; sourceTree = SDKROOT; };
		5AB9F4AF1A105E5B00DFD457 /* BeaconFinderViewController.h */ = {isa = PBXFileReference; fileEncoding = 4; lastKnownFileType = sourcecode.c.h; path = BeaconFinderViewController.h; sourceTree = "<group>"; };
		5AB9F4B01A105E5B00DFD457 /* BeaconFinderViewController.m */ = {isa = PBXFileReference; fileEncoding = 4; lastKnownFileType = sourcecode.c.objc; path = BeaconFinderViewController.m; sourceTree = "<group>"; };
/* End PBXFileReference section */

/* Begin PBXFrameworksBuildPhase section */
		5AB9F4811A10498300DFD457 /* Frameworks */ = {
			isa = PBXFrameworksBuildPhase;
			buildActionMask = 2147483647;
			files = (
				5A8059A11A10755000CA17AB /* CoreLocation.framework in Frameworks */,
				5AB9F4AE1A10498E00DFD457 /* CoreBluetooth.framework in Frameworks */,
			);
			runOnlyForDeploymentPostprocessing = 0;
		};
/* End PBXFrameworksBuildPhase section */

/* Begin PBXGroup section */
		5AB9F47B1A10498300DFD457 = {
			isa = PBXGroup;
			children = (
				5A8059A01A10755000CA17AB /* CoreLocation.framework */,
				5AB9F4AD1A10498E00DFD457 /* CoreBluetooth.framework */,
				5AB9F4861A10498300DFD457 /* iBeaconDemo */,
				5AB9F4851A10498300DFD457 /* Products */,
			);
			sourceTree = "<group>";
		};
		5AB9F4851A10498300DFD457 /* Products */ = {
			isa = PBXGroup;
			children = (
				5AB9F4841A10498300DFD457 /* iBeaconDemo.app */,
			);
			name = Products;
			sourceTree = "<group>";
		};
		5AB9F4861A10498300DFD457 /* iBeaconDemo */ = {
			isa = PBXGroup;
			children = (
				5AB9F48B1A10498300DFD457 /* AppDelegate.h */,
				5AB9F48C1A10498300DFD457 /* AppDelegate.m */,
				5AB9F48E1A10498300DFD457 /* BeaconEmitterViewController.h */,
				5AB9F48F1A10498300DFD457 /* BeaconEmitterViewController.m */,
				5AB9F4AF1A105E5B00DFD457 /* BeaconFinderViewController.h */,
				5AB9F4B01A105E5B00DFD457 /* BeaconFinderViewController.m */,
				5A8059A21A10789A00CA17AB /* CLBeaconRegion+Sample.h */,
				5A8059A31A10789A00CA17AB /* CLBeaconRegion+Sample.m */,
				5AB9F4941A10498300DFD457 /* Images.xcassets */,
				5AB9F4961A10498300DFD457 /* LaunchScreen.xib */,
				5AB9F4911A10498300DFD457 /* Main.storyboard */,
				5AB9F4871A10498300DFD457 /* Supporting Files */,
			);
			path = iBeaconDemo;
			sourceTree = "<group>";
		};
		5AB9F4871A10498300DFD457 /* Supporting Files */ = {
			isa = PBXGroup;
			children = (
				5AB9F4881A10498300DFD457 /* Info.plist */,
				5AB9F4891A10498300DFD457 /* main.m */,
			);
			name = "Supporting Files";
			sourceTree = "<group>";
		};
/* End PBXGroup section */

/* Begin PBXNativeTarget section */
		5AB9F4831A10498300DFD457 /* iBeaconDemo */ = {
			isa = PBXNativeTarget;
			buildConfigurationList = 5AB9F4A71A10498300DFD457 /* Build configuration list for PBXNativeTarget "iBeaconDemo" */;
			buildPhases = (
				5AB9F4801A10498300DFD457 /* Sources */,
				5AB9F4811A10498300DFD457 /* Frameworks */,
				5AB9F4821A10498300DFD457 /* Resources */,
			);
			buildRules = (
			);
			dependencies = (
			);
			name = iBeaconDemo;
			productName = BeaconEmitterObjc;
			productReference = 5AB9F4841A10498300DFD457 /* iBeaconDemo.app */;
			productType = "com.apple.product-type.application";
		};
/* End PBXNativeTarget section */

/* Begin PBXProject section */
		5AB9F47C1A10498300DFD457 /* Project object */ = {
			isa = PBXProject;
			attributes = {
				LastUpgradeCheck = 0600;
				ORGANIZATIONNAME = "Rachel Bobbins";
				TargetAttributes = {
					5AB9F4831A10498300DFD457 = {
						CreatedOnToolsVersion = 6.0.1;
					};
				};
			};
			buildConfigurationList = 5AB9F47F1A10498300DFD457 /* Build configuration list for PBXProject "iBeaconDemo" */;
			compatibilityVersion = "Xcode 3.2";
			developmentRegion = English;
			hasScannedForEncodings = 0;
			knownRegions = (
				en,
				Base,
			);
			mainGroup = 5AB9F47B1A10498300DFD457;
			productRefGroup = 5AB9F4851A10498300DFD457 /* Products */;
			projectDirPath = "";
			projectRoot = "";
			targets = (
				5AB9F4831A10498300DFD457 /* iBeaconDemo */,
			);
		};
/* End PBXProject section */

/* Begin PBXResourcesBuildPhase section */
		5AB9F4821A10498300DFD457 /* Resources */ = {
			isa = PBXResourcesBuildPhase;
			buildActionMask = 2147483647;
			files = (
				5AB9F4931A10498300DFD457 /* Main.storyboard in Resources */,
				5AB9F4981A10498300DFD457 /* LaunchScreen.xib in Resources */,
				5AB9F4951A10498300DFD457 /* Images.xcassets in Resources */,
			);
			runOnlyForDeploymentPostprocessing = 0;
		};
/* End PBXResourcesBuildPhase section */

/* Begin PBXSourcesBuildPhase section */
		5AB9F4801A10498300DFD457 /* Sources */ = {
			isa = PBXSourcesBuildPhase;
			buildActionMask = 2147483647;
			files = (
				5AB9F4901A10498300DFD457 /* BeaconEmitterViewController.m in Sources */,
				5AB9F48D1A10498300DFD457 /* AppDelegate.m in Sources */,
				5A8059A41A10789A00CA17AB /* CLBeaconRegion+Sample.m in Sources */,
				5AB9F4B11A105E5B00DFD457 /* BeaconFinderViewController.m in Sources */,
				5AB9F48A1A10498300DFD457 /* main.m in Sources */,
			);
			runOnlyForDeploymentPostprocessing = 0;
		};
/* End PBXSourcesBuildPhase section */

/* Begin PBXVariantGroup section */
		5AB9F4911A10498300DFD457 /* Main.storyboard */ = {
			isa = PBXVariantGroup;
			children = (
				5AB9F4921A10498300DFD457 /* Base */,
			);
			name = Main.storyboard;
			sourceTree = "<group>";
		};
		5AB9F4961A10498300DFD457 /* LaunchScreen.xib */ = {
			isa = PBXVariantGroup;
			children = (
				5AB9F4971A10498300DFD457 /* Base */,
			);
			name = LaunchScreen.xib;
			sourceTree = "<group>";
		};
/* End PBXVariantGroup section */

/* Begin XCBuildConfiguration section */
		5AB9F4A51A10498300DFD457 /* Debug */ = {
			isa = XCBuildConfiguration;
			buildSettings = {
				ALWAYS_SEARCH_USER_PATHS = NO;
				CLANG_CXX_LANGUAGE_STANDARD = "gnu++0x";
				CLANG_CXX_LIBRARY = "libc++";
				CLANG_ENABLE_MODULES = YES;
				CLANG_ENABLE_OBJC_ARC = YES;
				CLANG_WARN_BOOL_CONVERSION = YES;
				CLANG_WARN_CONSTANT_CONVERSION = YES;
				CLANG_WARN_DIRECT_OBJC_ISA_USAGE = YES_ERROR;
				CLANG_WARN_EMPTY_BODY = YES;
				CLANG_WARN_ENUM_CONVERSION = YES;
				CLANG_WARN_INT_CONVERSION = YES;
				CLANG_WARN_OBJC_ROOT_CLASS = YES_ERROR;
				CLANG_WARN_UNREACHABLE_CODE = YES;
				CLANG_WARN__DUPLICATE_METHOD_MATCH = YES;
				"CODE_SIGN_IDENTITY[sdk=iphoneos*]" = "iPhone Developer";
				COPY_PHASE_STRIP = NO;
				ENABLE_STRICT_OBJC_MSGSEND = YES;
				GCC_C_LANGUAGE_STANDARD = gnu99;
				GCC_DYNAMIC_NO_PIC = NO;
				GCC_OPTIMIZATION_LEVEL = 0;
				GCC_PREPROCESSOR_DEFINITIONS = (
					"DEBUG=1",
					"$(inherited)",
				);
				GCC_SYMBOLS_PRIVATE_EXTERN = NO;
				GCC_WARN_64_TO_32_BIT_CONVERSION = YES;
				GCC_WARN_ABOUT_RETURN_TYPE = YES_ERROR;
				GCC_WARN_UNDECLARED_SELECTOR = YES;
				GCC_WARN_UNINITIALIZED_AUTOS = YES_AGGRESSIVE;
				GCC_WARN_UNUSED_FUNCTION = YES;
				GCC_WARN_UNUSED_VARIABLE = YES;
				IPHONEOS_DEPLOYMENT_TARGET = 8.0;
				MTL_ENABLE_DEBUG_INFO = YES;
				ONLY_ACTIVE_ARCH = YES;
				SDKROOT = iphoneos;
			};
			name = Debug;
		};
		5AB9F4A61A10498300DFD457 /* Release */ = {
			isa = XCBuildConfiguration;
			buildSettings = {
				ALWAYS_SEARCH_USER_PATHS = NO;
				CLANG_CXX_LANGUAGE_STANDARD = "gnu++0x";
				CLANG_CXX_LIBRARY = "libc++";
				CLANG_ENABLE_MODULES = YES;
				CLANG_ENABLE_OBJC_ARC = YES;
				CLANG_WARN_BOOL_CONVERSION = YES;
				CLANG_WARN_CONSTANT_CONVERSION = YES;
				CLANG_WARN_DIRECT_OBJC_ISA_USAGE = YES_ERROR;
				CLANG_WARN_EMPTY_BODY = YES;
				CLANG_WARN_ENUM_CONVERSION = YES;
				CLANG_WARN_INT_CONVERSION = YES;
				CLANG_WARN_OBJC_ROOT_CLASS = YES_ERROR;
				CLANG_WARN_UNREACHABLE_CODE = YES;
				CLANG_WARN__DUPLICATE_METHOD_MATCH = YES;
				"CODE_SIGN_IDENTITY[sdk=iphoneos*]" = "iPhone Developer";
				COPY_PHASE_STRIP = YES;
				ENABLE_NS_ASSERTIONS = NO;
				ENABLE_STRICT_OBJC_MSGSEND = YES;
				GCC_C_LANGUAGE_STANDARD = gnu99;
				GCC_WARN_64_TO_32_BIT_CONVERSION = YES;
				GCC_WARN_ABOUT_RETURN_TYPE = YES_ERROR;
				GCC_WARN_UNDECLARED_SELECTOR = YES;
				GCC_WARN_UNINITIALIZED_AUTOS = YES_AGGRESSIVE;
				GCC_WARN_UNUSED_FUNCTION = YES;
				GCC_WARN_UNUSED_VARIABLE = YES;
				IPHONEOS_DEPLOYMENT_TARGET = 8.0;
				MTL_ENABLE_DEBUG_INFO = NO;
				SDKROOT = iphoneos;
				VALIDATE_PRODUCT = YES;
			};
			name = Release;
		};
		5AB9F4A81A10498300DFD457 /* Debug */ = {
			isa = XCBuildConfiguration;
			buildSettings = {
				ASSETCATALOG_COMPILER_APPICON_NAME = AppIcon;
				CODE_SIGN_IDENTITY = "iPhone Developer";
				INFOPLIST_FILE = "$(SRCROOT)/iBeaconDemo/Info.plist";
				LD_RUNPATH_SEARCH_PATHS = "$(inherited) @executable_path/Frameworks";
				PRODUCT_NAME = iBeaconDemo;
			};
			name = Debug;
		};
		5AB9F4A91A10498300DFD457 /* Release */ = {
			isa = XCBuildConfiguration;
			buildSettings = {
				ASSETCATALOG_COMPILER_APPICON_NAME = AppIcon;
				CODE_SIGN_IDENTITY = "iPhone Developer";
				INFOPLIST_FILE = "$(SRCROOT)/iBeaconDemo/Info.plist";
				LD_RUNPATH_SEARCH_PATHS = "$(inherited) @executable_path/Frameworks";
				PRODUCT_NAME = iBeaconDemo;
			};
			name = Release;
		};
/* End XCBuildConfiguration section */

/* Begin XCConfigurationList section */
		5AB9F47F1A10498300DFD457 /* Build configuration list for PBXProject "iBeaconDemo" */ = {
			isa = XCConfigurationList;
			buildConfigurations = (
				5AB9F4A51A10498300DFD457 /* Debug */,
				5AB9F4A61A10498300DFD457 /* Release */,
			);
			defaultConfigurationIsVisible = 0;
			defaultConfigurationName = Release;
		};
		5AB9F4A71A10498300DFD457 /* Build configuration list for PBXNativeTarget "iBeaconDemo" */ = {
			isa = XCConfigurationList;
			buildConfigurations = (
				5AB9F4A81A10498300DFD457 /* Debug */,
				5AB9F4A91A10498300DFD457 /* Release */,
			);
			defaultConfigurationIsVisible = 0;
			defaultConfigurationName = Release;
		};
/* End XCConfigurationList section */
	};
	rootObject = 5AB9F47C1A10498300DFD457 /* Project object */;
}
